// !$*UTF8*$!
{
	archiveVersion = 1;
	classes = {
	};
	objectVersion = 110;
	objects = {

/* Begin PBXBuildFile section */
		6909BA563010734600C7D51A /* AppDelegate.swift in Sources */ = {isa = PBXBuildFile; fileRef = 6909BA553010734600C7D51A /* AppDelegate.swift */; };
		6909BA583010734600C7D51A /* SceneDelegate.swift in Sources */ = {isa = PBXBuildFile; fileRef = 6909BA573010734600C7D51A /* SceneDelegate.swift */; };
		6909BA5B3010734600C7D51A /* LaunchScreen.storyboard in Resources */ = {isa = PBXBuildFile; fileRef = 6909BA593010734600C7D51A /* LaunchScreen.storyboard */; };
		6909BA5E3010734600C7D51A /* Main.storyboard in Resources */ = {isa = PBXBuildFile; fileRef = 6909BA5C3010734600C7D51A /* Main.storyboard */; };
		6909BA673010734600C7D51A /* AppDelegate.swift in Sources */ = {isa = PBXBuildFile; fileRef = 6909BA663010734600C7D51A /* AppDelegate.swift */; };
		6909BA6A3010734600C7D51A /* Main.storyboard in Resources */ = {isa = PBXBuildFile; fileRef = 6909BA683010734600C7D51A /* Main.storyboard */; };
		6909BA713010734700C7D51A /* Usage Monitor Safari Extension.appex in Embed Foundation Extensions */ = {isa = PBXBuildFile; fileRef = 6909BA703010734600C7D51A /* Usage Monitor Safari Extension.appex */; settings = {ATTRIBUTES = (RemoveHeadersOnCopy, ); }; };
		6909BA7B3010734700C7D51A /* Usage Monitor Safari Extension.appex in Embed Foundation Extensions */ = {isa = PBXBuildFile; fileRef = 6909BA7A3010734700C7D51A /* Usage Monitor Safari Extension.appex */; settings = {ATTRIBUTES = (RemoveHeadersOnCopy, ); }; };
		6909BA803010734700C7D51A /* Main.html in Resources */ = {isa = PBXBuildFile; fileRef = 6909BA453010732F00C7D51A /* Main.html */; };
		6909BA813010734700C7D51A /* Main.html in Resources */ = {isa = PBXBuildFile; fileRef = 6909BA453010732F00C7D51A /* Main.html */; };
		6909BA823010734700C7D51A /* Icon.png in Resources */ = {isa = PBXBuildFile; fileRef = 6909BA473010732F00C7D51A /* Icon.png */; };
		6909BA833010734700C7D51A /* Icon.png in Resources */ = {isa = PBXBuildFile; fileRef = 6909BA473010732F00C7D51A /* Icon.png */; };
		6909BA843010734700C7D51A /* Style.css in Resources */ = {isa = PBXBuildFile; fileRef = 6909BA483010733000C7D51A /* Style.css */; };
		6909BA853010734700C7D51A /* Style.css in Resources */ = {isa = PBXBuildFile; fileRef = 6909BA483010733000C7D51A /* Style.css */; };
		6909BA863010734700C7D51A /* Script.js in Resources */ = {isa = PBXBuildFile; fileRef = 6909BA493010733000C7D51A /* Script.js */; };
		6909BA873010734700C7D51A /* Script.js in Resources */ = {isa = PBXBuildFile; fileRef = 6909BA493010733000C7D51A /* Script.js */; };
		6909BA883010734700C7D51A /* ViewController.swift in Sources */ = {isa = PBXBuildFile; fileRef = 6909BA4A3010733000C7D51A /* ViewController.swift */; };
		6909BA893010734700C7D51A /* ViewController.swift in Sources */ = {isa = PBXBuildFile; fileRef = 6909BA4A3010733000C7D51A /* ViewController.swift */; };
		6909BA8A3010734700C7D51A /* Assets.xcassets in Resources */ = {isa = PBXBuildFile; fileRef = 6909BA4B3010734600C7D51A /* Assets.xcassets */; };
		6909BA8B3010734700C7D51A /* Assets.xcassets in Resources */ = {isa = PBXBuildFile; fileRef = 6909BA4B3010734600C7D51A /* Assets.xcassets */; };
		6909BA8C3010734700C7D51A /* SafariWebExtensionHandler.swift in Sources */ = {isa = PBXBuildFile; fileRef = 6909BA4D3010734600C7D51A /* SafariWebExtensionHandler.swift */; };
		6909BA8D3010734700C7D51A /* SafariWebExtensionHandler.swift in Sources */ = {isa = PBXBuildFile; fileRef = 6909BA4D3010734600C7D51A /* SafariWebExtensionHandler.swift */; };
		6909BAA23010734900C7D51A /* popup in Resources */ = {isa = PBXBuildFile; fileRef = 6909BA9F3010734900C7D51A /* popup */; };
		6909BAA43010734900C7D51A /* manifest.json in Resources */ = {isa = PBXBuildFile; fileRef = 6909BAA13010734900C7D51A /* manifest.json */; };
		6909BAA53010734900C7D51A /* popup in Resources */ = {isa = PBXBuildFile; fileRef = 6909BA9F3010734900C7D51A /* popup */; };
		6909BAA73010734900C7D51A /* manifest.json in Resources */ = {isa = PBXBuildFile; fileRef = 6909BAA13010734900C7D51A /* manifest.json */; };
/* End PBXBuildFile section */

/* Begin PBXContainerItemProxy section */
		6909BA723010734700C7D51A /* PBXContainerItemProxy */ = {
			isa = PBXContainerItemProxy;
			containerPortal = 6909BA3F3010732C00C7D51A /* Project object */;
			proxyType = 1;
			remoteGlobalIDString = 6909BA6F3010734600C7D51A;
			remoteInfo = "Usage Monitor Safari Extension (iOS)";
		};
		6909BA7C3010734700C7D51A /* PBXContainerItemProxy */ = {
			isa = PBXContainerItemProxy;
			containerPortal = 6909BA3F3010732C00C7D51A /* Project object */;
			proxyType = 1;
			remoteGlobalIDString = 6909BA793010734700C7D51A;
			remoteInfo = "Usage Monitor Safari Extension (macOS)";
		};
/* End PBXContainerItemProxy section */

/* Begin PBXCopyFilesBuildPhase section */
		6909BA933010734700C7D51A /* Embed Foundation Extensions */ = {
			isa = PBXCopyFilesBuildPhase;
			dstPath = "";
			dstSubfolder = PlugIns;
			files = (
				6909BA713010734700C7D51A /* Usage Monitor Safari Extension.appex in Embed Foundation Extensions */,
			);
			name = "Embed Foundation Extensions";
		};
		6909BA9A3010734700C7D51A /* Embed Foundation Extensions */ = {
			isa = PBXCopyFilesBuildPhase;
			dstPath = "";
			dstSubfolder = PlugIns;
			files = (
				6909BA7B3010734700C7D51A /* Usage Monitor Safari Extension.appex in Embed Foundation Extensions */,
			);
			name = "Embed Foundation Extensions";
		};
/* End PBXCopyFilesBuildPhase section */

/* Begin PBXFileReference section */
		6909BA463010732F00C7D51A /* Base */ = {isa = PBXFileReference; lastKnownFileType = text.html; name = Base; path = Base.lproj/Main.html; sourceTree = "<group>"; };
		6909BA473010732F00C7D51A /* Icon.png */ = {isa = PBXFileReference; lastKnownFileType = image.png; path = Icon.png; sourceTree = "<group>"; };
		6909BA483010733000C7D51A /* Style.css */ = {isa = PBXFileReference; lastKnownFileType = text.css; path = Style.css; sourceTree = "<group>"; };
		6909BA493010733000C7D51A /* Script.js */ = {isa = PBXFileReference; lastKnownFileType = sourcecode.javascript; path = Script.js; sourceTree = "<group>"; };
		6909BA4A3010733000C7D51A /* ViewController.swift */ = {isa = PBXFileReference; lastKnownFileType = sourcecode.swift; path = ViewController.swift; sourceTree = "<group>"; };
		6909BA4B3010734600C7D51A /* Assets.xcassets */ = {isa = PBXFileReference; lastKnownFileType = folder.assetcatalog; path = Assets.xcassets; sourceTree = "<group>"; };
		6909BA4D3010734600C7D51A /* SafariWebExtensionHandler.swift */ = {isa = PBXFileReference; lastKnownFileType = sourcecode.swift; path = SafariWebExtensionHandler.swift; sourceTree = "<group>"; };
		6909BA523010734600C7D51A /* Usage Monitor Safari.app */ = {isa = PBXFileReference; explicitFileType = wrapper.application; includeInIndex = 0; path = "Usage Monitor Safari.app"; sourceTree = BUILT_PRODUCTS_DIR; };
		6909BA553010734600C7D51A /* AppDelegate.swift */ = {isa = PBXFileReference; lastKnownFileType = sourcecode.swift; path = AppDelegate.swift; sourceTree = "<group>"; };
		6909BA573010734600C7D51A /* SceneDelegate.swift */ = {isa = PBXFileReference; lastKnownFileType = sourcecode.swift; path = SceneDelegate.swift; sourceTree = "<group>"; };
		6909BA5A3010734600C7D51A /* Base */ = {isa = PBXFileReference; lastKnownFileType = file.storyboard; name = Base; path = Base.lproj/LaunchScreen.storyboard; sourceTree = "<group>"; };
		6909BA5D3010734600C7D51A /* Base */ = {isa = PBXFileReference; lastKnownFileType = file.storyboard; name = Base; path = Base.lproj/Main.storyboard; sourceTree = "<group>"; };
		6909BA5F3010734600C7D51A /* Info.plist */ = {isa = PBXFileReference; lastKnownFileType = text.plist.xml; path = Info.plist; sourceTree = "<group>"; };
		6909BA643010734600C7D51A /* Usage Monitor Safari.app */ = {isa = PBXFileReference; explicitFileType = wrapper.application; includeInIndex = 0; path = "Usage Monitor Safari.app"; sourceTree = BUILT_PRODUCTS_DIR; };
		6909BA663010734600C7D51A /* AppDelegate.swift */ = {isa = PBXFileReference; lastKnownFileType = sourcecode.swift; path = AppDelegate.swift; sourceTree = "<group>"; };
		6909BA693010734600C7D51A /* Base */ = {isa = PBXFileReference; lastKnownFileType = file.storyboard; name = Base; path = Base.lproj/Main.storyboard; sourceTree = "<group>"; };
		6909BA6B3010734600C7D51A /* Info.plist */ = {isa = PBXFileReference; lastKnownFileType = text.plist.xml; path = Info.plist; sourceTree = "<group>"; };
		6909BA703010734600C7D51A /* Usage Monitor Safari Extension.appex */ = {isa = PBXFileReference; explicitFileType = "wrapper.app-extension"; includeInIndex = 0; path = "Usage Monitor Safari Extension.appex"; sourceTree = BUILT_PRODUCTS_DIR; };
		6909BA753010734700C7D51A /* Info.plist */ = {isa = PBXFileReference; lastKnownFileType = text.plist.xml; path = Info.plist; sourceTree = "<group>"; };
		6909BA7A3010734700C7D51A /* Usage Monitor Safari Extension.appex */ = {isa = PBXFileReference; explicitFileType = "wrapper.app-extension"; includeInIndex = 0; path = "Usage Monitor Safari Extension.appex"; sourceTree = BUILT_PRODUCTS_DIR; };
		6909BA7F3010734700C7D51A /* Info.plist */ = {isa = PBXFileReference; lastKnownFileType = text.plist.xml; path = Info.plist; sourceTree = "<group>"; };
		6909BA9F3010734900C7D51A /* popup */ = {isa = PBXFileReference; lastKnownFileType = folder; name = popup; path = "../../../chrome-extension/popup"; sourceTree = "<group>"; };
		6909BAA13010734900C7D51A /* manifest.json */ = {isa = PBXFileReference; lastKnownFileType = text.json; name = manifest.json; path = "../../../chrome-extension/manifest.json"; sourceTree = "<group>"; };
/* End PBXFileReference section */

/* Begin PBXFrameworksBuildPhase section */
		6909BA4F3010734600C7D51A /* Frameworks */ = {
			isa = PBXFrameworksBuildPhase;
			files = (
			);
		};
		6909BA613010734600C7D51A /* Frameworks */ = {
			isa = PBXFrameworksBuildPhase;
			files = (
			);
		};
		6909BA6D3010734600C7D51A /* Frameworks */ = {
			isa = PBXFrameworksBuildPhase;
			files = (
			);
		};
		6909BA773010734700C7D51A /* Frameworks */ = {
			isa = PBXFrameworksBuildPhase;
			files = (
			);
		};
/* End PBXFrameworksBuildPhase section */

/* Begin PBXGroup section */
		6909BA3E3010732C00C7D51A = {
			isa = PBXGroup;
			children = (
				6909BA433010732F00C7D51A /* Shared (App) */,
				6909BA4C3010734600C7D51A /* Shared (Extension) */,
				6909BA543010734600C7D51A /* iOS (App) */,
				6909BA653010734600C7D51A /* macOS (App) */,
				6909BA743010734700C7D51A /* iOS (Extension) */,
				6909BA7E3010734700C7D51A /* macOS (Extension) */,
				6909BA533010734600C7D51A /* Products */,
			);
			sourceTree = "<group>";
		};
		6909BA433010732F00C7D51A /* Shared (App) */ = {
			isa = PBXGroup;
			children = (
				6909BA4A3010733000C7D51A /* ViewController.swift */,
				6909BA4B3010734600C7D51A /* Assets.xcassets */,
				6909BA443010732F00C7D51A /* Resources */,
			);
			path = "Shared (App)";
			sourceTree = "<group>";
		};
		6909BA443010732F00C7D51A /* Resources */ = {
			isa = PBXGroup;
			children = (
				6909BA453010732F00C7D51A /* Main.html */,
				6909BA473010732F00C7D51A /* Icon.png */,
				6909BA483010733000C7D51A /* Style.css */,
				6909BA493010733000C7D51A /* Script.js */,
			);
			path = Resources;
			sourceTree = "<group>";
		};
		6909BA4C3010734600C7D51A /* Shared (Extension) */ = {
			isa = PBXGroup;
			children = (
				6909BA9E3010734900C7D51A /* Resources */,
				6909BA4D3010734600C7D51A /* SafariWebExtensionHandler.swift */,
			);
			path = "Shared (Extension)";
			sourceTree = "<group>";
		};
		6909BA533010734600C7D51A /* Products */ = {
			isa = PBXGroup;
			children = (
				6909BA523010734600C7D51A /* Usage Monitor Safari.app */,
				6909BA643010734600C7D51A /* Usage Monitor Safari.app */,
				6909BA703010734600C7D51A /* Usage Monitor Safari Extension.appex */,
				6909BA7A3010734700C7D51A /* Usage Monitor Safari Extension.appex */,
			);
			name = Products;
			sourceTree = "<group>";
		};
		6909BA543010734600C7D51A /* iOS (App) */ = {
			isa = PBXGroup;
			children = (
				6909BA553010734600C7D51A /* AppDelegate.swift */,
				6909BA573010734600C7D51A /* SceneDelegate.swift */,
				6909BA593010734600C7D51A /* LaunchScreen.storyboard */,
				6909BA5C3010734600C7D51A /* Main.storyboard */,
				6909BA5F3010734600C7D51A /* Info.plist */,
			);
			path = "iOS (App)";
			sourceTree = "<group>";
		};
		6909BA653010734600C7D51A /* macOS (App) */ = {
			isa = PBXGroup;
			children = (
				6909BA663010734600C7D51A /* AppDelegate.swift */,
				6909BA683010734600C7D51A /* Main.storyboard */,
				6909BA6B3010734600C7D51A /* Info.plist */,
			);
			path = "macOS (App)";
			sourceTree = "<group>";
		};
		6909BA743010734700C7D51A /* iOS (Extension) */ = {
			isa = PBXGroup;
			children = (
				6909BA753010734700C7D51A /* Info.plist */,
			);
			path = "iOS (Extension)";
			sourceTree = "<group>";
		};
		6909BA7E3010734700C7D51A /* macOS (Extension) */ = {
			isa = PBXGroup;
			children = (
				6909BA7F3010734700C7D51A /* Info.plist */,
			);
			path = "macOS (Extension)";
			sourceTree = "<group>";
		};
		6909BA9E3010734900C7D51A /* Resources */ = {
			isa = PBXGroup;
			children = (
				6909BA9F3010734900C7D51A /* popup */,
				6909BAA13010734900C7D51A /* manifest.json */,
			);
			name = Resources;
			path = "Shared (Extension)";
			sourceTree = SOURCE_ROOT;
		};
/* End PBXGroup section */

/* Begin PBXNativeTarget section */
		6909BA513010734600C7D51A /* Usage Monitor Safari (iOS) */ = {
			isa = PBXNativeTarget;
			buildConfigurationList = 6909BA943010734700C7D51A /* Build configuration list for PBXNativeTarget "Usage Monitor Safari (iOS)" */;
			buildPhases = (
				6909BA4E3010734600C7D51A /* Sources */,
				6909BA4F3010734600C7D51A /* Frameworks */,
				6909BA503010734600C7D51A /* Resources */,
				6909BA933010734700C7D51A /* Embed Foundation Extensions */,
			);
			buildRules = (
			);
			dependencies = (
				6909BA733010734700C7D51A /* PBXTargetDependency */,
			);
			name = "Usage Monitor Safari (iOS)";
			productName = "Usage Monitor Safari (iOS)";
			productReference = 6909BA523010734600C7D51A /* Usage Monitor Safari.app */;
			productType = "com.apple.product-type.application";
		};
		6909BA633010734600C7D51A /* Usage Monitor Safari (macOS) */ = {
			isa = PBXNativeTarget;
			buildConfigurationList = 6909BA9B3010734700C7D51A /* Build configuration list for PBXNativeTarget "Usage Monitor Safari (macOS)" */;
			buildPhases = (
				6909BA603010734600C7D51A /* Sources */,
				6909BA613010734600C7D51A /* Frameworks */,
				6909BA623010734600C7D51A /* Resources */,
				6909BA9A3010734700C7D51A /* Embed Foundation Extensions */,
			);
			buildRules = (
			);
			dependencies = (
				6909BA7D3010734700C7D51A /* PBXTargetDependency */,
			);
			name = "Usage Monitor Safari (macOS)";
			productName = "Usage Monitor Safari (macOS)";
			productReference = 6909BA643010734600C7D51A /* Usage Monitor Safari.app */;
			productType = "com.apple.product-type.application";
		};
		6909BA6F3010734600C7D51A /* Usage Monitor Safari Extension (iOS) */ = {
			isa = PBXNativeTarget;
			buildConfigurationList = 6909BA903010734700C7D51A /* Build configuration list for PBXNativeTarget "Usage Monitor Safari Extension (iOS)" */;
			buildPhases = (
				6909BA6C3010734600C7D51A /* Sources */,
				6909BA6D3010734600C7D51A /* Frameworks */,
				6909BA6E3010734600C7D51A /* Resources */,
			);
			buildRules = (
			);
			name = "Usage Monitor Safari Extension (iOS)";
			productName = "Usage Monitor Safari Extension (iOS)";
			productReference = 6909BA703010734600C7D51A /* Usage Monitor Safari Extension.appex */;
			productType = "com.apple.product-type.app-extension";
		};
		6909BA793010734700C7D51A /* Usage Monitor Safari Extension (macOS) */ = {
			isa = PBXNativeTarget;
			buildConfigurationList = 6909BA973010734700C7D51A /* Build configuration list for PBXNativeTarget "Usage Monitor Safari Extension (macOS)" */;
			buildPhases = (
				6909BA763010734700C7D51A /* Sources */,
				6909BA773010734700C7D51A /* Frameworks */,
				6909BA783010734700C7D51A /* Resources */,
			);
			buildRules = (
			);
			name = "Usage Monitor Safari Extension (macOS)";
			productName = "Usage Monitor Safari Extension (macOS)";
			productReference = 6909BA7A3010734700C7D51A /* Usage Monitor Safari Extension.appex */;
			productType = "com.apple.product-type.app-extension";
		};
/* End PBXNativeTarget section */

/* Begin PBXProject section */
		6909BA3F3010732C00C7D51A /* Project object */ = {
			isa = PBXProject;
			attributes = {
				BuildIndependentTargetsInParallel = 1;
				LastSwiftUpdateCheck = 2700;
				LastUpgradeCheck = 2700;
				TargetAttributes = {
					6909BA513010734600C7D51A = {
						CreatedOnToolsVersion = 27.0;
					};
					6909BA633010734600C7D51A = {
						CreatedOnToolsVersion = 27.0;
					};
					6909BA6F3010734600C7D51A = {
						CreatedOnToolsVersion = 27.0;
					};
					6909BA793010734700C7D51A = {
						CreatedOnToolsVersion = 27.0;
					};
				};
			};
			buildConfigurationList = 6909BA423010732D00C7D51A /* Build configuration list for PBXProject "Usage Monitor Safari" */;
			developmentRegion = en;
			hasScannedForEncodings = 0;
			knownRegions = (
				en,
				Base,
			);
			mainGroup = 6909BA3E3010732C00C7D51A;
			minimizedProjectReferenceProxies = 1;
			preferredProjectObjectVersion = 77;
			productRefGroup = 6909BA533010734600C7D51A /* Products */;
			projectDirPath = "";
			projectRoot = "";
			targets = (
				6909BA513010734600C7D51A /* Usage Monitor Safari (iOS) */,
				6909BA633010734600C7D51A /* Usage Monitor Safari (macOS) */,
				6909BA6F3010734600C7D51A /* Usage Monitor Safari Extension (iOS) */,
				6909BA793010734700C7D51A /* Usage Monitor Safari Extension (macOS) */,
			);
		};
/* End PBXProject section */

/* Begin PBXResourcesBuildPhase section */
		6909BA503010734600C7D51A /* Resources */ = {
			isa = PBXResourcesBuildPhase;
			files = (
				6909BA823010734700C7D51A /* Icon.png in Resources */,
				6909BA5B3010734600C7D51A /* LaunchScreen.storyboard in Resources */,
				6909BA803010734700C7D51A /* Main.html in Resources */,
				6909BA863010734700C7D51A /* Script.js in Resources */,
				6909BA8A3010734700C7D51A /* Assets.xcassets in Resources */,
				6909BA5E3010734600C7D51A /* Main.storyboard in Resources */,
				6909BA843010734700C7D51A /* Style.css in Resources */,
			);
		};
		6909BA623010734600C7D51A /* Resources */ = {
			isa = PBXResourcesBuildPhase;
			files = (
				6909BA833010734700C7D51A /* Icon.png in Resources */,
				6909BA853010734700C7D51A /* Style.css in Resources */,
				6909BA6A3010734600C7D51A /* Main.storyboard in Resources */,
				6909BA873010734700C7D51A /* Script.js in Resources */,
				6909BA8B3010734700C7D51A /* Assets.xcassets in Resources */,
				6909BA813010734700C7D51A /* Main.html in Resources */,
			);
		};
		6909BA6E3010734600C7D51A /* Resources */ = {
			isa = PBXResourcesBuildPhase;
			files = (
				6909BAA73010734900C7D51A /* manifest.json in Resources */,
				6909BAA53010734900C7D51A /* popup in Resources */,
			);
		};
		6909BA783010734700C7D51A /* Resources */ = {
			isa = PBXResourcesBuildPhase;
			files = (
				6909BAA43010734900C7D51A /* manifest.json in Resources */,
				6909BAA23010734900C7D51A /* popup in Resources */,
			);
		};
/* End PBXResourcesBuildPhase section */

/* Begin PBXSourcesBuildPhase section */
		6909BA4E3010734600C7D51A /* Sources */ = {
			isa = PBXSourcesBuildPhase;
			files = (
				6909BA883010734700C7D51A /* ViewController.swift in Sources */,
				6909BA563010734600C7D51A /* AppDelegate.swift in Sources */,
				6909BA583010734600C7D51A /* SceneDelegate.swift in Sources */,
			);
		};
		6909BA603010734600C7D51A /* Sources */ = {
			isa = PBXSourcesBuildPhase;
			files = (
				6909BA893010734700C7D51A /* ViewController.swift in Sources */,
				6909BA673010734600C7D51A /* AppDelegate.swift in Sources */,
			);
		};
		6909BA6C3010734600C7D51A /* Sources */ = {
			isa = PBXSourcesBuildPhase;
			files = (
				6909BA8C3010734700C7D51A /* SafariWebExtensionHandler.swift in Sources */,
			);
		};
		6909BA763010734700C7D51A /* Sources */ = {
			isa = PBXSourcesBuildPhase;
			files = (
				6909BA8D3010734700C7D51A /* SafariWebExtensionHandler.swift in Sources */,
			);
		};
/* End PBXSourcesBuildPhase section */

/* Begin PBXTargetDependency section */
		6909BA733010734700C7D51A /* PBXTargetDependency */ = {
			isa = PBXTargetDependency;
			target = 6909BA6F3010734600C7D51A /* Usage Monitor Safari Extension (iOS) */;
			targetProxy = 6909BA723010734700C7D51A /* PBXContainerItemProxy */;
		};
		6909BA7D3010734700C7D51A /* PBXTargetDependency */ = {
			isa = PBXTargetDependency;
			target = 6909BA793010734700C7D51A /* Usage Monitor Safari Extension (macOS) */;
			targetProxy = 6909BA7C3010734700C7D51A /* PBXContainerItemProxy */;
		};
/* End PBXTargetDependency section */

/* Begin PBXVariantGroup section */
		6909BA453010732F00C7D51A /* Main.html */ = {
			isa = PBXVariantGroup;
			children = (
				6909BA463010732F00C7D51A /* Base */,
			);
			name = Main.html;
			sourceTree = "<group>";
		};
		6909BA593010734600C7D51A /* LaunchScreen.storyboard */ = {
			isa = PBXVariantGroup;
			children = (
				6909BA5A3010734600C7D51A /* Base */,
			);
			name = LaunchScreen.storyboard;
			sourceTree = "<group>";
		};
		6909BA5C3010734600C7D51A /* Main.storyboard */ = {
			isa = PBXVariantGroup;
			children = (
				6909BA5D3010734600C7D51A /* Base */,
			);
			name = Main.storyboard;
			sourceTree = "<group>";
		};
		6909BA683010734600C7D51A /* Main.storyboard */ = {
			isa = PBXVariantGroup;
			children = (
				6909BA693010734600C7D51A /* Base */,
			);
			name = Main.storyboard;
			sourceTree = "<group>";
		};
/* End PBXVariantGroup section */

/* Begin XCBuildConfiguration section */
		6909BA8E3010734700C7D51A /* Debug configuration for PBXProject "Usage Monitor Safari" */ = {
			isa = XCBuildConfiguration;
			buildSettings = {
				DEVELOPMENT_TEAM = CC8UTF7ATG;
				ALWAYS_SEARCH_USER_PATHS = NO;
				ASSETCATALOG_COMPILER_GENERATE_SWIFT_ASSET_SYMBOL_EXTENSIONS = YES;
				CLANG_ANALYZER_NONNULL = YES;
				CLANG_ANALYZER_NUMBER_OBJECT_CONVERSION = YES_AGGRESSIVE;
				CLANG_CXX_LANGUAGE_STANDARD = "gnu++20";
				CLANG_ENABLE_MODULES = YES;
				CLANG_ENABLE_OBJC_ARC = YES;
				CLANG_ENABLE_OBJC_WEAK = YES;
				CLANG_WARN_BLOCK_CAPTURE_AUTORELEASING = YES;
				CLANG_WARN_BOOL_CONVERSION = YES;
				CLANG_WARN_COMMA = YES;
				CLANG_WARN_CONSTANT_CONVERSION = YES;
				CLANG_WARN_DEPRECATED_OBJC_IMPLEMENTATIONS = YES;
				CLANG_WARN_DIRECT_OBJC_ISA_USAGE = YES_ERROR;
				CLANG_WARN_DOCUMENTATION_COMMENTS = YES;
				CLANG_WARN_EMPTY_BODY = YES;
				CLANG_WARN_ENUM_CONVERSION = YES;
				CLANG_WARN_INFINITE_RECURSION = YES;
				CLANG_WARN_INT_CONVERSION = YES;
				CLANG_WARN_NON_LITERAL_NULL_CONVERSION = YES;
				CLANG_WARN_OBJC_IMPLICIT_RETAIN_SELF = YES;
				CLANG_WARN_OBJC_LITERAL_CONVERSION = YES;
				CLANG_WARN_OBJC_ROOT_CLASS = YES_ERROR;
				CLANG_WARN_QUOTED_INCLUDE_IN_FRAMEWORK_HEADER = YES;
				CLANG_WARN_RANGE_LOOP_ANALYSIS = YES;
				CLANG_WARN_STRICT_PROTOTYPES = YES;
				CLANG_WARN_SUSPICIOUS_MOVE = YES;
				CLANG_WARN_UNGUARDED_AVAILABILITY = YES_AGGRESSIVE;
				CLANG_WARN_UNREACHABLE_CODE = YES;
				CLANG_WARN__DUPLICATE_METHOD_MATCH = YES;
				COPY_PHASE_STRIP = NO;
				DEBUG_INFORMATION_FORMAT = dwarf;
				ENABLE_STRICT_OBJC_MSGSEND = YES;
				ENABLE_TESTABILITY = YES;
				ENABLE_USER_SCRIPT_SANDBOXING = YES;
				GCC_C_LANGUAGE_STANDARD = gnu17;
				GCC_DYNAMIC_NO_PIC = NO;
				GCC_NO_COMMON_BLOCKS = YES;
				GCC_OPTIMIZATION_LEVEL = 0;
				GCC_PREPROCESSOR_DEFINITIONS = (
					"DEBUG=1",
					"$(inherited)",
				);
				GCC_WARN_64_TO_32_BIT_CONVERSION = YES;
				GCC_WARN_ABOUT_RETURN_TYPE = YES_ERROR;
				GCC_WARN_UNDECLARED_SELECTOR = YES;
				GCC_WARN_UNINITIALIZED_AUTOS = YES_AGGRESSIVE;
				GCC_WARN_UNUSED_FUNCTION = YES;
				GCC_WARN_UNUSED_VARIABLE = YES;
				LOCALIZATION_PREFERS_STRING_CATALOGS = YES;
				MTL_ENABLE_DEBUG_INFO = INCLUDE_SOURCE;
				MTL_FAST_MATH = YES;
				ONLY_ACTIVE_ARCH = YES;
				SWIFT_ACTIVE_COMPILATION_CONDITIONS = "DEBUG $(inherited)";
				SWIFT_OPTIMIZATION_LEVEL = "-Onone";
			};
			name = Debug;
		};
		6909BA8F3010734700C7D51A /* Release configuration for PBXProject "Usage Monitor Safari" */ = {
			isa = XCBuildConfiguration;
			buildSettings = {
				DEVELOPMENT_TEAM = CC8UTF7ATG;
				ALWAYS_SEARCH_USER_PATHS = NO;
				ASSETCATALOG_COMPILER_GENERATE_SWIFT_ASSET_SYMBOL_EXTENSIONS = YES;
				CLANG_ANALYZER_NONNULL = YES;
				CLANG_ANALYZER_NUMBER_OBJECT_CONVERSION = YES_AGGRESSIVE;
				CLANG_CXX_LANGUAGE_STANDARD = "gnu++20";
				CLANG_ENABLE_MODULES = YES;
				CLANG_ENABLE_OBJC_ARC = YES;
				CLANG_ENABLE_OBJC_WEAK = YES;
				CLANG_WARN_BLOCK_CAPTURE_AUTORELEASING = YES;
				CLANG_WARN_BOOL_CONVERSION = YES;
				CLANG_WARN_COMMA = YES;
				CLANG_WARN_CONSTANT_CONVERSION = YES;
				CLANG_WARN_DEPRECATED_OBJC_IMPLEMENTATIONS = YES;
				CLANG_WARN_DIRECT_OBJC_ISA_USAGE = YES_ERROR;
				CLANG_WARN_DOCUMENTATION_COMMENTS = YES;
				CLANG_WARN_EMPTY_BODY = YES;
				CLANG_WARN_ENUM_CONVERSION = YES;
				CLANG_WARN_INFINITE_RECURSION = YES;
				CLANG_WARN_INT_CONVERSION = YES;
				CLANG_WARN_NON_LITERAL_NULL_CONVERSION = YES;
				CLANG_WARN_OBJC_IMPLICIT_RETAIN_SELF = YES;
				CLANG_WARN_OBJC_LITERAL_CONVERSION = YES;
				CLANG_WARN_OBJC_ROOT_CLASS = YES_ERROR;
				CLANG_WARN_QUOTED_INCLUDE_IN_FRAMEWORK_HEADER = YES;
				CLANG_WARN_RANGE_LOOP_ANALYSIS = YES;
				CLANG_WARN_STRICT_PROTOTYPES = YES;
				CLANG_WARN_SUSPICIOUS_MOVE = YES;
				CLANG_WARN_UNGUARDED_AVAILABILITY = YES_AGGRESSIVE;
				CLANG_WARN_UNREACHABLE_CODE = YES;
				CLANG_WARN__DUPLICATE_METHOD_MATCH = YES;
				COPY_PHASE_STRIP = NO;
				DEBUG_INFORMATION_FORMAT = "dwarf-with-dsym";
				ENABLE_NS_ASSERTIONS = NO;
				ENABLE_STRICT_OBJC_MSGSEND = YES;
				ENABLE_USER_SCRIPT_SANDBOXING = YES;
				GCC_C_LANGUAGE_STANDARD = gnu17;
				GCC_NO_COMMON_BLOCKS = YES;
				GCC_WARN_64_TO_32_BIT_CONVERSION = YES;
				GCC_WARN_ABOUT_RETURN_TYPE = YES_ERROR;
				GCC_WARN_UNDECLARED_SELECTOR = YES;
				GCC_WARN_UNINITIALIZED_AUTOS = YES_AGGRESSIVE;
				GCC_WARN_UNUSED_FUNCTION = YES;
				GCC_WARN_UNUSED_VARIABLE = YES;
				LOCALIZATION_PREFERS_STRING_CATALOGS = YES;
				MTL_ENABLE_DEBUG_INFO = NO;
				MTL_FAST_MATH = YES;
				SWIFT_COMPILATION_MODE = wholemodule;
			};
			name = Release;
		};
		6909BA913010734700C7D51A /* Debug configuration for PBXNativeTarget "Usage Monitor Safari Extension (iOS)" */ = {
			isa = XCBuildConfiguration;
			buildSettings = {
				CODE_SIGN_STYLE = Automatic;
				CURRENT_PROJECT_VERSION = 1;
				GENERATE_INFOPLIST_FILE = YES;
				INFOPLIST_FILE = "iOS (Extension)/Info.plist";
				INFOPLIST_KEY_CFBundleDisplayName = "Usage Monitor Safari Extension";
				INFOPLIST_KEY_NSHumanReadableCopyright = "";
				IPHONEOS_DEPLOYMENT_TARGET = 15.0;
				LD_RUNPATH_SEARCH_PATHS = (
					"$(inherited)",
					"@executable_path/Frameworks",
					"@executable_path/../../Frameworks",
				);
				MARKETING_VERSION = 1.0;
				OTHER_LDFLAGS = (
					"-framework",
					SafariServices,
				);
				PRODUCT_BUNDLE_IDENTIFIER = services.jays.usage.monitor.safari.Extension;
				PRODUCT_NAME = "Usage Monitor Safari Extension";
				SDKROOT = iphoneos;
				SKIP_INSTALL = YES;
				STRING_CATALOG_GENERATE_SYMBOLS = YES;
				SWIFT_APPROACHABLE_CONCURRENCY = YES;
				SWIFT_EMIT_LOC_STRINGS = YES;
				SWIFT_UPCOMING_FEATURE_MEMBER_IMPORT_VISIBILITY = YES;
				SWIFT_VERSION = 5.0;
				TARGETED_DEVICE_FAMILY = "1,2";
			};
			name = Debug;
		};
		6909BA923010734700C7D51A /* Release configuration for PBXNativeTarget "Usage Monitor Safari Extension (iOS)" */ = {
			isa = XCBuildConfiguration;
			buildSettings = {
				CODE_SIGN_STYLE = Automatic;
				CURRENT_PROJECT_VERSION = 1;
				GENERATE_INFOPLIST_FILE = YES;
				INFOPLIST_FILE = "iOS (Extension)/Info.plist";
				INFOPLIST_KEY_CFBundleDisplayName = "Usage Monitor Safari Extension";
				INFOPLIST_KEY_NSHumanReadableCopyright = "";
				IPHONEOS_DEPLOYMENT_TARGET = 15.0;
				LD_RUNPATH_SEARCH_PATHS = (
					"$(inherited)",
					"@executable_path/Frameworks",
					"@executable_path/../../Frameworks",
				);
				MARKETING_VERSION = 1.0;
				OTHER_LDFLAGS = (
					"-framework",
					SafariServices,
				);
				PRODUCT_BUNDLE_IDENTIFIER = services.jays.usage.monitor.safari.Extension;
				PRODUCT_NAME = "Usage Monitor Safari Extension";
				SDKROOT = iphoneos;
				SKIP_INSTALL = YES;
				STRING_CATALOG_GENERATE_SYMBOLS = YES;
				SWIFT_APPROACHABLE_CONCURRENCY = YES;
				SWIFT_EMIT_LOC_STRINGS = YES;
				SWIFT_UPCOMING_FEATURE_MEMBER_IMPORT_VISIBILITY = YES;
				SWIFT_VERSION = 5.0;
				TARGETED_DEVICE_FAMILY = "1,2";
				VALIDATE_PRODUCT = YES;
			};
			name = Release;
		};
		6909BA953010734700C7D51A /* Debug configuration for PBXNativeTarget "Usage Monitor Safari (iOS)" */ = {
			isa = XCBuildConfiguration;
			buildSettings = {
				ASSETCATALOG_COMPILER_APPICON_NAME = AppIcon;
				ASSETCATALOG_COMPILER_GLOBAL_ACCENT_COLOR_NAME = AccentColor;
				CODE_SIGN_STYLE = Automatic;
				CURRENT_PROJECT_VERSION = 1;
				GENERATE_INFOPLIST_FILE = YES;
				INFOPLIST_FILE = "iOS (App)/Info.plist";
				INFOPLIST_KEY_CFBundleDisplayName = "Usage Monitor Safari";
				INFOPLIST_KEY_UIApplicationSupportsIndirectInputEvents = YES;
				INFOPLIST_KEY_UILaunchStoryboardName = LaunchScreen;
				INFOPLIST_KEY_UIMainStoryboardFile = Main;
				INFOPLIST_KEY_UISupportedInterfaceOrientations = "UIInterfaceOrientationPortrait UIInterfaceOrientationLandscapeLeft UIInterfaceOrientationLandscapeRight";
				INFOPLIST_KEY_UISupportedInterfaceOrientations_iPad = "UIInterfaceOrientationPortrait UIInterfaceOrientationPortraitUpsideDown UIInterfaceOrientationLandscapeLeft UIInterfaceOrientationLandscapeRight";
				IPHONEOS_DEPLOYMENT_TARGET = 15.0;
				LD_RUNPATH_SEARCH_PATHS = (
					"$(inherited)",
					"@executable_path/Frameworks",
				);
				MARKETING_VERSION = 1.0;
				OTHER_LDFLAGS = (
					"-framework",
					SafariServices,
					"-framework",
					WebKit,
				);
				PRODUCT_BUNDLE_IDENTIFIER = services.jays.usage.monitor.safari;
				PRODUCT_NAME = "Usage Monitor Safari";
				SDKROOT = iphoneos;
				STRING_CATALOG_GENERATE_SYMBOLS = YES;
				SWIFT_APPROACHABLE_CONCURRENCY = YES;
				SWIFT_DEFAULT_ACTOR_ISOLATION = MainActor;
				SWIFT_EMIT_LOC_STRINGS = YES;
				SWIFT_UPCOMING_FEATURE_MEMBER_IMPORT_VISIBILITY = YES;
				SWIFT_VERSION = 5.0;
				TARGETED_DEVICE_FAMILY = "1,2";
			};
			name = Debug;
		};
		6909BA963010734700C7D51A /* Release configuration for PBXNativeTarget "Usage Monitor Safari (iOS)" */ = {
			isa = XCBuildConfiguration;
			buildSettings = {
				ASSETCATALOG_COMPILER_APPICON_NAME = AppIcon;
				ASSETCATALOG_COMPILER_GLOBAL_ACCENT_COLOR_NAME = AccentColor;
				CODE_SIGN_STYLE = Automatic;
				CURRENT_PROJECT_VERSION = 1;
				GENERATE_INFOPLIST_FILE = YES;
				INFOPLIST_FILE = "iOS (App)/Info.plist";
				INFOPLIST_KEY_CFBundleDisplayName = "Usage Monitor Safari";
				INFOPLIST_KEY_UIApplicationSupportsIndirectInputEvents = YES;
				INFOPLIST_KEY_UILaunchStoryboardName = LaunchScreen;
				INFOPLIST_KEY_UIMainStoryboardFile = Main;
				INFOPLIST_KEY_UISupportedInterfaceOrientations = "UIInterfaceOrientationPortrait UIInterfaceOrientationLandscapeLeft UIInterfaceOrientationLandscapeRight";
				INFOPLIST_KEY_UISupportedInterfaceOrientations_iPad = "UIInterfaceOrientationPortrait UIInterfaceOrientationPortraitUpsideDown UIInterfaceOrientationLandscapeLeft UIInterfaceOrientationLandscapeRight";
				IPHONEOS_DEPLOYMENT_TARGET = 15.0;
				LD_RUNPATH_SEARCH_PATHS = (
					"$(inherited)",
					"@executable_path/Frameworks",
				);
				MARKETING_VERSION = 1.0;
				OTHER_LDFLAGS = (
					"-framework",
					SafariServices,
					"-framework",
					WebKit,
				);
				PRODUCT_BUNDLE_IDENTIFIER = services.jays.usage.monitor.safari;
				PRODUCT_NAME = "Usage Monitor Safari";
				SDKROOT = iphoneos;
				STRING_CATALOG_GENERATE_SYMBOLS = YES;
				SWIFT_APPROACHABLE_CONCURRENCY = YES;
				SWIFT_DEFAULT_ACTOR_ISOLATION = MainActor;
				SWIFT_EMIT_LOC_STRINGS = YES;
				SWIFT_UPCOMING_FEATURE_MEMBER_IMPORT_VISIBILITY = YES;
				SWIFT_VERSION = 5.0;
				TARGETED_DEVICE_FAMILY = "1,2";
				VALIDATE_PRODUCT = YES;
			};
			name = Release;
		};
		6909BA983010734700C7D51A /* Debug configuration for PBXNativeTarget "Usage Monitor Safari Extension (macOS)" */ = {
			isa = XCBuildConfiguration;
			buildSettings = {
				CODE_SIGN_STYLE = Automatic;
				CURRENT_PROJECT_VERSION = 1;
				ENABLE_APP_SANDBOX = YES;
				ENABLE_HARDENED_RUNTIME = YES;
				ENABLE_USER_SELECTED_FILES = readonly;
				GENERATE_INFOPLIST_FILE = YES;
				INFOPLIST_FILE = "macOS (Extension)/Info.plist";
				INFOPLIST_KEY_CFBundleDisplayName = "Usage Monitor Safari Extension";
				INFOPLIST_KEY_NSHumanReadableCopyright = "";
				LD_RUNPATH_SEARCH_PATHS = (
					"$(inherited)",
					"@executable_path/../Frameworks",
					"@executable_path/../../../../Frameworks",
				);
				MACOSX_DEPLOYMENT_TARGET = 12.0;
				MARKETING_VERSION = 1.0;
				OTHER_LDFLAGS = (
					"-framework",
					SafariServices,
				);
				PRODUCT_BUNDLE_IDENTIFIER = services.jays.usage.monitor.safari.Extension;
				PRODUCT_NAME = "Usage Monitor Safari Extension";
				SDKROOT = macosx;
				SKIP_INSTALL = YES;
				STRING_CATALOG_GENERATE_SYMBOLS = YES;
				SWIFT_APPROACHABLE_CONCURRENCY = YES;
				SWIFT_EMIT_LOC_STRINGS = YES;
				SWIFT_UPCOMING_FEATURE_MEMBER_IMPORT_VISIBILITY = YES;
				SWIFT_VERSION = 5.0;
			};
			name = Debug;
		};
		6909BA993010734700C7D51A /* Release configuration for PBXNativeTarget "Usage Monitor Safari Extension (macOS)" */ = {
			isa = XCBuildConfiguration;
			buildSettings = {
				CODE_SIGN_STYLE = Automatic;
				CURRENT_PROJECT_VERSION = 1;
				ENABLE_APP_SANDBOX = YES;
				ENABLE_HARDENED_RUNTIME = YES;
				ENABLE_USER_SELECTED_FILES = readonly;
				GENERATE_INFOPLIST_FILE = YES;
				INFOPLIST_FILE = "macOS (Extension)/Info.plist";
				INFOPLIST_KEY_CFBundleDisplayName = "Usage Monitor Safari Extension";
				INFOPLIST_KEY_NSHumanReadableCopyright = "";
				LD_RUNPATH_SEARCH_PATHS = (
					"$(inherited)",
					"@executable_path/../Frameworks",
					"@executable_path/../../../../Frameworks",
				);
				MACOSX_DEPLOYMENT_TARGET = 12.0;
				MARKETING_VERSION = 1.0;
				OTHER_LDFLAGS = (
					"-framework",
					SafariServices,
				);
				PRODUCT_BUNDLE_IDENTIFIER = services.jays.usage.monitor.safari.Extension;
				PRODUCT_NAME = "Usage Monitor Safari Extension";
				SDKROOT = macosx;
				SKIP_INSTALL = YES;
				STRING_CATALOG_GENERATE_SYMBOLS = YES;
				SWIFT_APPROACHABLE_CONCURRENCY = YES;
				SWIFT_EMIT_LOC_STRINGS = YES;
				SWIFT_UPCOMING_FEATURE_MEMBER_IMPORT_VISIBILITY = YES;
				SWIFT_VERSION = 5.0;
			};
			name = Release;
		};
		6909BA9C3010734700C7D51A /* Debug configuration for PBXNativeTarget "Usage Monitor Safari (macOS)" */ = {
			isa = XCBuildConfiguration;
			buildSettings = {
				ASSETCATALOG_COMPILER_APPICON_NAME = AppIcon;
				ASSETCATALOG_COMPILER_GLOBAL_ACCENT_COLOR_NAME = AccentColor;
				CODE_SIGN_STYLE = Automatic;
				CURRENT_PROJECT_VERSION = 1;
				ENABLE_APP_SANDBOX = YES;
				ENABLE_HARDENED_RUNTIME = YES;
				ENABLE_OUTGOING_NETWORK_CONNECTIONS = NO;
				ENABLE_USER_SELECTED_FILES = readonly;
				GENERATE_INFOPLIST_FILE = YES;
				INFOPLIST_FILE = "macOS (App)/Info.plist";
				INFOPLIST_KEY_CFBundleDisplayName = "Usage Monitor Safari";
				INFOPLIST_KEY_NSMainStoryboardFile = Main;
				INFOPLIST_KEY_NSPrincipalClass = NSApplication;
				LD_RUNPATH_SEARCH_PATHS = (
					"$(inherited)",
					"@executable_path/../Frameworks",
				);
				MACOSX_DEPLOYMENT_TARGET = 12.0;
				MARKETING_VERSION = 1.0;
				OTHER_LDFLAGS = (
					"-framework",
					SafariServices,
					"-framework",
					WebKit,
				);
				PRODUCT_BUNDLE_IDENTIFIER = services.jays.usage.monitor.safari;
				PRODUCT_NAME = "Usage Monitor Safari";
				REGISTER_APP_GROUPS = YES;
				SDKROOT = macosx;
				STRING_CATALOG_GENERATE_SYMBOLS = YES;
				SWIFT_APPROACHABLE_CONCURRENCY = YES;
				SWIFT_DEFAULT_ACTOR_ISOLATION = MainActor;
				SWIFT_EMIT_LOC_STRINGS = YES;
				SWIFT_UPCOMING_FEATURE_MEMBER_IMPORT_VISIBILITY = YES;
				SWIFT_VERSION = 5.0;
			};
			name = Debug;
		};
		6909BA9D3010734700C7D51A /* Release configuration for PBXNativeTarget "Usage Monitor Safari (macOS)" */ = {
			isa = XCBuildConfiguration;
			buildSettings = {
				ASSETCATALOG_COMPILER_APPICON_NAME = AppIcon;
				ASSETCATALOG_COMPILER_GLOBAL_ACCENT_COLOR_NAME = AccentColor;
				CODE_SIGN_STYLE = Automatic;
				CURRENT_PROJECT_VERSION = 1;
				ENABLE_APP_SANDBOX = YES;
				ENABLE_HARDENED_RUNTIME = YES;
				ENABLE_OUTGOING_NETWORK_CONNECTIONS = NO;
				ENABLE_USER_SELECTED_FILES = readonly;
				GENERATE_INFOPLIST_FILE = YES;
				INFOPLIST_FILE = "macOS (App)/Info.plist";
				INFOPLIST_KEY_CFBundleDisplayName = "Usage Monitor Safari";
				INFOPLIST_KEY_NSMainStoryboardFile = Main;
				INFOPLIST_KEY_NSPrincipalClass = NSApplication;
				LD_RUNPATH_SEARCH_PATHS = (
					"$(inherited)",
					"@executable_path/../Frameworks",
				);
				MACOSX_DEPLOYMENT_TARGET = 12.0;
				MARKETING_VERSION = 1.0;
				OTHER_LDFLAGS = (
					"-framework",
					SafariServices,
					"-framework",
					WebKit,
				);
				PRODUCT_BUNDLE_IDENTIFIER = services.jays.usage.monitor.safari;
				PRODUCT_NAME = "Usage Monitor Safari";
				REGISTER_APP_GROUPS = YES;
				SDKROOT = macosx;
				STRING_CATALOG_GENERATE_SYMBOLS = YES;
				SWIFT_APPROACHABLE_CONCURRENCY = YES;
				SWIFT_DEFAULT_ACTOR_ISOLATION = MainActor;
				SWIFT_EMIT_LOC_STRINGS = YES;
				SWIFT_UPCOMING_FEATURE_MEMBER_IMPORT_VISIBILITY = YES;
				SWIFT_VERSION = 5.0;
			};
			name = Release;
		};
/* End XCBuildConfiguration section */

/* Begin XCConfigurationList section */
		6909BA423010732D00C7D51A /* Build configuration list for PBXProject "Usage Monitor Safari" */ = {
			isa = XCConfigurationList;
			buildConfigurations = (
				6909BA8E3010734700C7D51A /* Debug configuration for PBXProject "Usage Monitor Safari" */,
				6909BA8F3010734700C7D51A /* Release configuration for PBXProject "Usage Monitor Safari" */,
			);
			defaultConfigurationName = Release;
		};
		6909BA903010734700C7D51A /* Build configuration list for PBXNativeTarget "Usage Monitor Safari Extension (iOS)" */ = {
			isa = XCConfigurationList;
			buildConfigurations = (
				6909BA913010734700C7D51A /* Debug configuration for PBXNativeTarget "Usage Monitor Safari Extension (iOS)" */,
				6909BA923010734700C7D51A /* Release configuration for PBXNativeTarget "Usage Monitor Safari Extension (iOS)" */,
			);
			defaultConfigurationName = Release;
		};
		6909BA943010734700C7D51A /* Build configuration list for PBXNativeTarget "Usage Monitor Safari (iOS)" */ = {
			isa = XCConfigurationList;
			buildConfigurations = (
				6909BA953010734700C7D51A /* Debug configuration for PBXNativeTarget "Usage Monitor Safari (iOS)" */,
				6909BA963010734700C7D51A /* Release configuration for PBXNativeTarget "Usage Monitor Safari (iOS)" */,
			);
			defaultConfigurationName = Release;
		};
		6909BA973010734700C7D51A /* Build configuration list for PBXNativeTarget "Usage Monitor Safari Extension (macOS)" */ = {
			isa = XCConfigurationList;
			buildConfigurations = (
				6909BA983010734700C7D51A /* Debug configuration for PBXNativeTarget "Usage Monitor Safari Extension (macOS)" */,
				6909BA993010734700C7D51A /* Release configuration for PBXNativeTarget "Usage Monitor Safari Extension (macOS)" */,
			);
			defaultConfigurationName = Release;
		};
		6909BA9B3010734700C7D51A /* Build configuration list for PBXNativeTarget "Usage Monitor Safari (macOS)" */ = {
			isa = XCConfigurationList;
			buildConfigurations = (
				6909BA9C3010734700C7D51A /* Debug configuration for PBXNativeTarget "Usage Monitor Safari (macOS)" */,
				6909BA9D3010734700C7D51A /* Release configuration for PBXNativeTarget "Usage Monitor Safari (macOS)" */,
			);
			defaultConfigurationName = Release;
		};
/* End XCConfigurationList section */
	};
	rootObject = 6909BA3F3010732C00C7D51A /* Project object */;
	validationLevel = 1;
}
